
Microsoft Visual Studio Solution File, Format Version 12.00
# Visual Studio Version 17
VisualStudioVersion = 17.9.34616.47
MinimumVisualStudioVersion = 10.0.40219.1
Project("{FAE04EC0-301F-11D3-BF4B-00C04F79EFBC}") = "Ajax_crud", "Ajax_crud.csproj", "{6FE7250B-EC70-4CEC-A19D-F58B46C1B189}"
EndProject
Global
	GlobalSection(SolutionConfigurationPlatforms) = preSolution
		Debug|Any CPU = Debug|Any CPU
		Release|Any CPU = Release|Any CPU
	EndGlobalSection
	GlobalSection(ProjectConfigurationPlatforms) = postSolution
		{6FE7250B-EC70-4CEC-A19D-F58B46C1B189}.Debug|Any CPU.ActiveCfg = Debug|Any CPU
		{6FE7250B-EC70-4CEC-A19D-F58B46C1B189}.Debug|Any CPU.Build.0 = Debug|Any CPU
		{6FE7250B-EC70-4CEC-A19D-F58B46C1B189}.Release|Any CPU.ActiveCfg = Release|Any CPU
		{6FE7250B-EC70-4CEC-A19D-F58B46C1B189}.Release|Any CPU.Build.0 = Release|Any CPU
	EndGlobalSection
	GlobalSection(SolutionProperties) = preSolution
		HideSolutionNode = FALSE
	EndGlobalSection
	GlobalSection(ExtensibilityGlobals) = postSolution
		SolutionGuid = {F2746181-C352-4B55-A22F-14BEFE4A013A}
	EndGlobalSection
EndGlobal
